
Microsoft Visual Studio Solution File, Format Version 12.00
# Visual Studio Version 17
VisualStudioVersion = 17.9.34728.123
MinimumVisualStudioVersion = 10.0.40219.1
Project("{9A19103F-16F7-4668-BE54-9A1E7A4F7556}") = "Cinematik", "Cinematik\Cinematik.csproj", "{FAEA8550-4ED0-4C23-9B85-42FEC8FEC487}"
EndProject
Project("{2150E333-8FDC-42A3-9474-1A3956D46DE8}") = "Çözüm Öğeleri", "Çözüm Öğeleri", "{4C3DDAC5-B860-41F5-A9CF-F1E6DDAA2847}"
EndProject
Global
	GlobalSection(SolutionConfigurationPlatforms) = preSolution
		Debug|Any CPU = Debug|Any CPU
		Release|Any CPU = Release|Any CPU
	EndGlobalSection
	GlobalSection(ProjectConfigurationPlatforms) = postSolution
		{FAEA8550-4ED0-4C23-9B85-42FEC8FEC487}.Debug|Any CPU.ActiveCfg = Debug|Any CPU
		{FAEA8550-4ED0-4C23-9B85-42FEC8FEC487}.Debug|Any CPU.Build.0 = Debug|Any CPU
		{FAEA8550-4ED0-4C23-9B85-42FEC8FEC487}.Release|Any CPU.ActiveCfg = Release|Any CPU
		{FAEA8550-4ED0-4C23-9B85-42FEC8FEC487}.Release|Any CPU.Build.0 = Release|Any CPU
	EndGlobalSection
	GlobalSection(SolutionProperties) = preSolution
		HideSolutionNode = FALSE
	EndGlobalSection
	GlobalSection(ExtensibilityGlobals) = postSolution
		SolutionGuid = {FD581809-1D55-40B7-8788-163D3E405D6D}
	EndGlobalSection
EndGlobal
